version: 5
environments:
  default:
    channels:
    - url: https://conda.anaconda.org/conda-forge/
    indexes:
    - https://pypi.org/simple
    packages:
      linux-aarch64:
      - conda: https://conda.anaconda.org/conda-forge/linux-aarch64/_openmp_mutex-4.5-2_gnu.tar.bz2
      - conda: https://conda.anaconda.org/conda-forge/linux-aarch64/bzip2-1.0.8-h68df207_7.conda
      - conda: https://conda.anaconda.org/conda-forge/linux-aarch64/ca-certificates-2024.8.30-hcefe29a_0.conda
      - conda: https://conda.anaconda.org/conda-forge/linux-aarch64/icu-75.1-hf9b3779_0.conda
      - conda: https://conda.anaconda.org/conda-forge/linux-aarch64/ld_impl_linux-aarch64-2.40-h9fc2d93_7.conda
      - conda: https://conda.anaconda.org/conda-forge/linux-aarch64/libexpat-2.6.2-h2f0025b_0.conda
      - conda: https://conda.anaconda.org/conda-forge/linux-aarch64/libffi-3.4.2-h3557bc0_5.tar.bz2
      - conda: https://conda.anaconda.org/conda-forge/linux-aarch64/libgcc-14.1.0-he277a41_1.conda
      - conda: https://conda.anaconda.org/conda-forge/linux-aarch64/libgcc-ng-14.1.0-he9431aa_1.conda
      - conda: https://conda.anaconda.org/conda-forge/linux-aarch64/libgomp-14.1.0-he277a41_1.conda
      - conda: https://conda.anaconda.org/conda-forge/linux-aarch64/libnsl-2.0.1-h31becfc_0.conda
      - conda: https://conda.anaconda.org/conda-forge/linux-aarch64/libsqlite-3.46.1-hc4a20ef_0.conda
      - conda: https://conda.anaconda.org/conda-forge/linux-aarch64/libstdcxx-14.1.0-h3f4de04_1.conda
      - conda: https://conda.anaconda.org/conda-forge/linux-aarch64/libstdcxx-ng-14.1.0-hf1166c9_1.conda
      - conda: https://conda.anaconda.org/conda-forge/linux-aarch64/libuuid-2.38.1-hb4cce97_0.conda
      - conda: https://conda.anaconda.org/conda-forge/linux-aarch64/libuv-1.48.0-h31becfc_0.conda
      - conda: https://conda.anaconda.org/conda-forge/linux-aarch64/libxcrypt-4.4.36-h31becfc_1.conda
      - conda: https://conda.anaconda.org/conda-forge/linux-aarch64/libzlib-1.3.1-h68df207_1.conda
      - conda: https://conda.anaconda.org/conda-forge/linux-aarch64/ncurses-6.5-hcccb83c_1.conda
      - conda: https://conda.anaconda.org/conda-forge/linux-aarch64/nodejs-22.7.0-h8374285_0.conda
      - conda: https://conda.anaconda.org/conda-forge/linux-aarch64/openssl-3.3.2-h86ecc28_0.conda
      - conda: https://conda.anaconda.org/conda-forge/linux-aarch64/pnpm-9.9.0-hbf5023e_0.conda
      - conda: https://conda.anaconda.org/conda-forge/linux-aarch64/python-3.12.5-hb188aa9_0_cpython.conda
      - conda: https://conda.anaconda.org/conda-forge/linux-aarch64/readline-8.2-h8fc344f_1.conda
      - conda: https://conda.anaconda.org/conda-forge/linux-aarch64/tk-8.6.13-h194ca79_0.conda
      - conda: https://conda.anaconda.org/conda-forge/noarch/tzdata-2024a-h8827d51_1.conda
      - conda: https://conda.anaconda.org/conda-forge/linux-aarch64/xz-5.2.6-h9cdd2b7_0.tar.bz2
      - conda: https://conda.anaconda.org/conda-forge/linux-aarch64/zlib-1.3.1-h68df207_1.conda
      - pypi: https://files.pythonhosted.org/packages/db/2a/728c8ae66011600fac5731a7db030d23c42f1321fd9547654f0c3b2b32d7/importlib_resources-6.4.4-py3-none-any.whl
      - pypi: https://files.pythonhosted.org/packages/bf/7d/a16029720cfa5a3a19e44cdeabc96c078555890a6ffd08fdc0e8f96b77c5/itkwasm-1.0b178-py3-none-any.whl
      - pypi: https://files.pythonhosted.org/packages/fa/35/333a5edde2a84b6cb1e472c6086d794ee76bbec7ce09f06547e1788e782a/itkwasm_image_io-1.3.0-py3-none-any.whl
      - pypi: https://files.pythonhosted.org/packages/b8/2a/5f599b21625876da5a1afb88192375d095fa73805054a7dfa3a3db92849d/itkwasm_image_io_wasi-1.3.0-py3-none-any.whl
      - pypi: https://files.pythonhosted.org/packages/4d/84/0c6f894b508980c189f455c2b3a37442974d2068e170573852c7774ee666/itkwasm_morphological_contour_interpolation-1.1.0-py3-none-any.whl
      - pypi: https://files.pythonhosted.org/packages/1f/9b/94a45712f006a43868518d32ac964e88bc1bf4bd15cf348945a5431e3c65/itkwasm_morphological_contour_interpolation_wasi-1.1.0-py3-none-any.whl
      - pypi: https://files.pythonhosted.org/packages/9f/8a/76ddef3e621541ddd6984bc24d256a4e3422d036790cbbe449e6cad439ee/numpy-2.1.1-cp312-cp312-manylinux_2_17_aarch64.manylinux2014_aarch64.whl
      - pypi: https://files.pythonhosted.org/packages/68/13/2aa1f0e1364feb2c9ef45302f387ac0bd81484e9c9a4c5688a322fbdfd08/platformdirs-4.2.2-py3-none-any.whl
      - pypi: https://files.pythonhosted.org/packages/26/9f/ad63fc0248c5379346306f8668cda6e2e2e9c95e01216d2b8ffd9ff037d0/typing_extensions-4.12.2-py3-none-any.whl
      - pypi: https://files.pythonhosted.org/packages/d0/f9/9d2961f0c3930d8216bd4fdd5d090b24277f569e3a8d0abd18190cfb2bb9/wasmtime-24.0.0-py3-none-manylinux2014_aarch64.whl
packages:
- kind: conda
  name: _openmp_mutex
  version: '4.5'
  build: 2_gnu
  build_number: 16
  subdir: linux-aarch64
  url: https://conda.anaconda.org/conda-forge/linux-aarch64/_openmp_mutex-4.5-2_gnu.tar.bz2
  sha256: 3702bef2f0a4d38bd8288bbe54aace623602a1343c2cfbefd3fa188e015bebf0
  md5: 6168d71addc746e8f2b8d57dfd2edcea
  depends:
  - libgomp >=7.5.0
  constrains:
  - openmp_impl 9999
  license: BSD-3-Clause
  license_family: BSD
  purls: []
  size: 23712
  timestamp: 1650670790230
- kind: conda
  name: bzip2
  version: 1.0.8
  build: h68df207_7
  build_number: 7
  subdir: linux-aarch64
  url: https://conda.anaconda.org/conda-forge/linux-aarch64/bzip2-1.0.8-h68df207_7.conda
  sha256: 2258b0b33e1cb3a9852d47557984abb6e7ea58e3d7f92706ec1f8e879290c4cb
  md5: 56398c28220513b9ea13d7b450acfb20
  depends:
  - libgcc-ng >=12
  license: bzip2-1.0.6
  license_family: BSD
  purls: []
  size: 189884
  timestamp: 1720974504976
- kind: conda
  name: ca-certificates
  version: 2024.8.30
  build: hcefe29a_0
  subdir: linux-aarch64
  url: https://conda.anaconda.org/conda-forge/linux-aarch64/ca-certificates-2024.8.30-hcefe29a_0.conda
  sha256: 2a2d827bee3775a85f0f1b2f2089291475c4416336d1b3a8cbce2964db547af8
  md5: 70e57e8f59d2c98f86b49c69e5074be5
  license: ISC
  purls: []
  size: 159106
  timestamp: 1725020043153
- kind: conda
  name: icu
  version: '75.1'
  build: hf9b3779_0
  subdir: linux-aarch64
  url: https://conda.anaconda.org/conda-forge/linux-aarch64/icu-75.1-hf9b3779_0.conda
  sha256: 813298f2e54ef087dbfc9cc2e56e08ded41de65cff34c639cc8ba4e27e4540c9
  md5: 268203e8b983fddb6412b36f2024e75c
  depends:
  - libgcc-ng >=12
  - libstdcxx-ng >=12
  license: MIT
  license_family: MIT
  purls: []
  size: 12282786
  timestamp: 1720853454991
- kind: pypi
  name: importlib-resources
  version: 6.4.4
  url: https://files.pythonhosted.org/packages/db/2a/728c8ae66011600fac5731a7db030d23c42f1321fd9547654f0c3b2b32d7/importlib_resources-6.4.4-py3-none-any.whl
  sha256: dda242603d1c9cd836c3368b1174ed74cb4049ecd209e7a1a0104620c18c5c11
  requires_dist:
  - zipp>=3.1.0 ; python_version < '3.10'
  - pytest-checkdocs>=2.4 ; extra == 'check'
  - pytest-ruff>=0.2.1 ; sys_platform != 'cygwin' and extra == 'check'
  - pytest-cov ; extra == 'cover'
  - sphinx>=3.5 ; extra == 'doc'
  - jaraco-packaging>=9.3 ; extra == 'doc'
  - rst-linker>=1.9 ; extra == 'doc'
  - furo ; extra == 'doc'
  - sphinx-lint ; extra == 'doc'
  - jaraco-tidelift>=1.4 ; extra == 'doc'
  - pytest-enabler>=2.2 ; extra == 'enabler'
  - pytest!=8.1.*,>=6 ; extra == 'test'
  - zipp>=3.17 ; extra == 'test'
  - jaraco-test>=5.4 ; extra == 'test'
  - pytest-mypy ; extra == 'type'
  requires_python: '>=3.8'
- kind: pypi
  name: itkwasm
  version: 1.0b178
  url: https://files.pythonhosted.org/packages/bf/7d/a16029720cfa5a3a19e44cdeabc96c078555890a6ffd08fdc0e8f96b77c5/itkwasm-1.0b178-py3-none-any.whl
  sha256: c6e77b76492ef5d6d20fc822934aee230a438ab752b8ebc93fd63944e7832915
  requires_dist:
  - importlib-metadata ; python_version < '3.10'
  - numpy
  - platformdirs ; sys_platform != 'emscripten'
  - typing-extensions
  - wasmtime>=13.0.2 ; sys_platform != 'emscripten'
  requires_python: '>=3.8'
- kind: pypi
  name: itkwasm-image-io
  version: 1.3.0
  url: https://files.pythonhosted.org/packages/fa/35/333a5edde2a84b6cb1e472c6086d794ee76bbec7ce09f06547e1788e782a/itkwasm_image_io-1.3.0-py3-none-any.whl
  sha256: 121ef7e942f1f6c25ef428a0a39944a0a9eb9bce226d6ee7466df1e2d8fc9a56
  requires_dist:
  - itkwasm-image-io-emscripten ; sys_platform == 'emscripten'
  - itkwasm-image-io-wasi ; sys_platform != 'emscripten'
  - itkwasm>=1.0b145
  requires_python: '>=3.8'
- kind: pypi
  name: itkwasm-image-io-wasi
  version: 1.3.0
  url: https://files.pythonhosted.org/packages/b8/2a/5f599b21625876da5a1afb88192375d095fa73805054a7dfa3a3db92849d/itkwasm_image_io_wasi-1.3.0-py3-none-any.whl
  sha256: 13fe5cad7942dc9fc94ece5711d5b342b5cb90dc93f764558de195674a2b183b
  requires_dist:
  - importlib-resources
  - itkwasm>=1.0b131
  requires_python: '>=3.8'
- kind: pypi
  name: itkwasm-morphological-contour-interpolation
  version: 1.1.0
  url: https://files.pythonhosted.org/packages/4d/84/0c6f894b508980c189f455c2b3a37442974d2068e170573852c7774ee666/itkwasm_morphological_contour_interpolation-1.1.0-py3-none-any.whl
  sha256: 88f5f72f9d8d99304f9136e1196a787d803af21cb31e3c211d0945e3ec197f52
  requires_dist:
  - itkwasm-morphological-contour-interpolation-emscripten ; sys_platform == 'emscripten'
  - itkwasm-morphological-contour-interpolation-wasi ; sys_platform != 'emscripten'
  - itkwasm>=1.0b171
  requires_python: '>=3.8'
- kind: pypi
  name: itkwasm-morphological-contour-interpolation-wasi
  version: 1.1.0
  url: https://files.pythonhosted.org/packages/1f/9b/94a45712f006a43868518d32ac964e88bc1bf4bd15cf348945a5431e3c65/itkwasm_morphological_contour_interpolation_wasi-1.1.0-py3-none-any.whl
  sha256: 8fc56f1801cc2d078d0a9ab84dfba5040efb3e531cf8e8fe2aed8482bd14fcc3
  requires_dist:
  - importlib-resources
  - itkwasm>=1.0b145
  requires_python: '>=3.8'
- kind: conda
  name: ld_impl_linux-aarch64
  version: '2.40'
  build: h9fc2d93_7
  build_number: 7
  subdir: linux-aarch64
  url: https://conda.anaconda.org/conda-forge/linux-aarch64/ld_impl_linux-aarch64-2.40-h9fc2d93_7.conda
  sha256: 4a6c0bd77e125da8472bd73bba7cd4169a3ce4699b00a3893026ae8664b2387d
  md5: 1b0feef706f4d03eff0b76626ead64fc
  constrains:
  - binutils_impl_linux-aarch64 2.40
  license: GPL-3.0-only
  license_family: GPL
  purls: []
  size: 735885
  timestamp: 1718625653417
- kind: conda
  name: libexpat
  version: 2.6.2
  build: h2f0025b_0
  subdir: linux-aarch64
  url: https://conda.anaconda.org/conda-forge/linux-aarch64/libexpat-2.6.2-h2f0025b_0.conda
  sha256: 07453df3232a649f39fb4d1e68cfe1c78c3457764f85225f6f3ccd1bdd9818a4
  md5: 1b9f46b804a2c3c5d7fd6a80b77c35f9
  depends:
  - libgcc-ng >=12
  constrains:
  - expat 2.6.2.*
  license: MIT
  license_family: MIT
  purls: []
  size: 72544
  timestamp: 1710362309065
- kind: conda
  name: libffi
  version: 3.4.2
  build: h3557bc0_5
  build_number: 5
  subdir: linux-aarch64
  url: https://conda.anaconda.org/conda-forge/linux-aarch64/libffi-3.4.2-h3557bc0_5.tar.bz2
  sha256: 7e9258a102480757fe3faeb225a3ca04dffd10fecd2a958c65cdb4cdf75f2c3c
  md5: dddd85f4d52121fab0a8b099c5e06501
  depends:
  - libgcc-ng >=9.4.0
  license: MIT
  license_family: MIT
  purls: []
  size: 59450
  timestamp: 1636488255090
- kind: conda
  name: libgcc
  version: 14.1.0
  build: he277a41_1
  build_number: 1
  subdir: linux-aarch64
  url: https://conda.anaconda.org/conda-forge/linux-aarch64/libgcc-14.1.0-he277a41_1.conda
  sha256: 0affee19a50081827a9b7d5a43a1d241d295209342f5c6b8d1da21e950547680
  md5: 2cb475709e327bb76f74645784582e6a
  depends:
  - _openmp_mutex >=4.5
  constrains:
  - libgcc-ng ==14.1.0=*_1
  - libgomp 14.1.0 he277a41_1
  license: GPL-3.0-only WITH GCC-exception-3.1
  license_family: GPL
  purls: []
  size: 533503
  timestamp: 1724802540921
- kind: conda
  name: libgcc-ng
  version: 14.1.0
  build: he9431aa_1
  build_number: 1
  subdir: linux-aarch64
  url: https://conda.anaconda.org/conda-forge/linux-aarch64/libgcc-ng-14.1.0-he9431aa_1.conda
  sha256: 44e76a6c1fad613d92035c69e475ccb7da2f554b2fdfabceff8dc4bc570f3622
  md5: 842a1a0cf6f995091734a723e5d291ef
  depends:
  - libgcc 14.1.0 he277a41_1
  license: GPL-3.0-only WITH GCC-exception-3.1
  license_family: GPL
  purls: []
  size: 52203
  timestamp: 1724802545317
- kind: conda
  name: libgomp
  version: 14.1.0
  build: he277a41_1
  build_number: 1
  subdir: linux-aarch64
  url: https://conda.anaconda.org/conda-forge/linux-aarch64/libgomp-14.1.0-he277a41_1.conda
  sha256: a257997cc35b97a58b4b3be1b108791619736d90af8d30dab717d0f0dd835ab5
  md5: 59d463d51eda114031e52667843f9665
  license: GPL-3.0-only WITH GCC-exception-3.1
  license_family: GPL
  purls: []
  size: 461429
  timestamp: 1724802428910
- kind: conda
  name: libnsl
  version: 2.0.1
  build: h31becfc_0
  subdir: linux-aarch64
  url: https://conda.anaconda.org/conda-forge/linux-aarch64/libnsl-2.0.1-h31becfc_0.conda
  sha256: fd18c2b75d7411096428d36a70b36b1a17e31f7b8956b6905d145792d49e97f8
  md5: c14f32510f694e3185704d89967ec422
  depends:
  - libgcc-ng >=12
  license: LGPL-2.1-only
  license_family: GPL
  purls: []
  size: 34501
  timestamp: 1697358973269
- kind: conda
  name: libsqlite
  version: 3.46.1
  build: hc4a20ef_0
  subdir: linux-aarch64
  url: https://conda.anaconda.org/conda-forge/linux-aarch64/libsqlite-3.46.1-hc4a20ef_0.conda
  sha256: b4ee96d292fea6bdfceb34dff5e5f0e4b21a0a3dab0559a21fc4a35dc217764e
  md5: cd559337c1bd9545ecbeaad017e7d878
  depends:
  - libgcc >=13
  - libzlib >=1.3.1,<2.0a0
  license: Unlicense
  purls: []
  size: 1053752
  timestamp: 1725354110633
- kind: conda
  name: libstdcxx
  version: 14.1.0
  build: h3f4de04_1
  build_number: 1
  subdir: linux-aarch64
  url: https://conda.anaconda.org/conda-forge/linux-aarch64/libstdcxx-14.1.0-h3f4de04_1.conda
  sha256: 430e7c36ca9736d06fd669eb1771acb9a8bcaac578ae76b093fa06391798a0ae
  md5: 6c2afef2109372440a90c566bcb6391c
  depends:
  - libgcc 14.1.0 he277a41_1
  license: GPL-3.0-only WITH GCC-exception-3.1
  license_family: GPL
  purls: []
  size: 3808995
  timestamp: 1724802564657
- kind: conda
  name: libstdcxx-ng
  version: 14.1.0
  build: hf1166c9_1
  build_number: 1
  subdir: linux-aarch64
  url: https://conda.anaconda.org/conda-forge/linux-aarch64/libstdcxx-ng-14.1.0-hf1166c9_1.conda
  sha256: d7aa6fa26735317ea5cc18e4c2f3316ce29dcc283d65b72b3b99b2d88386aaf4
  md5: 51f54efdd1d2ed5d7e9c67381b75fdb1
  depends:
  - libstdcxx 14.1.0 h3f4de04_1
  license: GPL-3.0-only WITH GCC-exception-3.1
  license_family: GPL
  purls: []
  size: 52240
  timestamp: 1724802596264
- kind: conda
  name: libuuid
  version: 2.38.1
  build: hb4cce97_0
  subdir: linux-aarch64
  url: https://conda.anaconda.org/conda-forge/linux-aarch64/libuuid-2.38.1-hb4cce97_0.conda
  sha256: 616277b0c5f7616c2cdf36f6c316ea3f9aa5bb35f2d4476a349ab58b9b91675f
  md5: 000e30b09db0b7c775b21695dff30969
  depends:
  - libgcc-ng >=12
  license: BSD-3-Clause
  license_family: BSD
  purls: []
  size: 35720
  timestamp: 1680113474501
- kind: conda
  name: libuv
  version: 1.48.0
  build: h31becfc_0
  subdir: linux-aarch64
  url: https://conda.anaconda.org/conda-forge/linux-aarch64/libuv-1.48.0-h31becfc_0.conda
  sha256: 8be03c6a43e17fdf574e2c29f1f8b917ba2842b5f4662b51d577960a3083fc2c
  md5: 97f754b22f63a943345bd807e1d51e01
  depends:
  - libgcc-ng >=12
  license: MIT
  license_family: MIT
  purls: []
  size: 635472
  timestamp: 1709913320273
- kind: conda
  name: libxcrypt
  version: 4.4.36
  build: h31becfc_1
  build_number: 1
  subdir: linux-aarch64
  url: https://conda.anaconda.org/conda-forge/linux-aarch64/libxcrypt-4.4.36-h31becfc_1.conda
  sha256: 6b46c397644091b8a26a3048636d10b989b1bf266d4be5e9474bf763f828f41f
  md5: b4df5d7d4b63579d081fd3a4cf99740e
  depends:
  - libgcc-ng >=12
  license: LGPL-2.1-or-later
  purls: []
  size: 114269
  timestamp: 1702724369203
- kind: conda
  name: libzlib
  version: 1.3.1
  build: h68df207_1
  build_number: 1
  subdir: linux-aarch64
  url: https://conda.anaconda.org/conda-forge/linux-aarch64/libzlib-1.3.1-h68df207_1.conda
  sha256: 0d6dfd1e36e10c205ff1fdcf42d42289ff0f50be7a4eaa7b34f086a5e22a0734
  md5: b13fb82f88902e34dd0638cd7d378c21
  depends:
  - libgcc-ng >=12
  constrains:
  - zlib 1.3.1 *_1
  license: Zlib
  license_family: Other
  purls: []
  size: 67199
  timestamp: 1716874136348
- kind: conda
  name: ncurses
  version: '6.5'
  build: hcccb83c_1
  build_number: 1
  subdir: linux-aarch64
  url: https://conda.anaconda.org/conda-forge/linux-aarch64/ncurses-6.5-hcccb83c_1.conda
  sha256: acad4cf1f57b12ee1e42995e6fac646fa06aa026529f05eb8c07eb0a84a47a84
  md5: 91d49c85cacd92caa40cf375ef72a25d
  depends:
  - libgcc-ng >=12
  license: X11 AND BSD-3-Clause
  purls: []
  size: 924472
  timestamp: 1724658573518
- kind: conda
  name: nodejs
  version: 22.7.0
  build: h8374285_0
  subdir: linux-aarch64
  url: https://conda.anaconda.org/conda-forge/linux-aarch64/nodejs-22.7.0-h8374285_0.conda
  sha256: bd55f9072e8e38823b5170415ca3f09a41de6c0f833409f238db4ff12d14b445
  md5: 570119ba3d65f16ec936fe7d42171913
  depends:
  - __glibc >=2.28,<3.0.a0
  - icu >=75.1,<76.0a0
  - libgcc-ng >=13
  - libstdcxx-ng >=13
  - libuv >=1.48.0,<2.0a0
  - libzlib >=1.3.1,<2.0a0
  - openssl >=3.3.1,<4.0a0
  - zlib
  license: MIT
  license_family: MIT
  purls: []
  size: 21717958
  timestamp: 1724448139856
- kind: pypi
  name: numpy
  version: 2.1.1
  url: https://files.pythonhosted.org/packages/9f/8a/76ddef3e621541ddd6984bc24d256a4e3422d036790cbbe449e6cad439ee/numpy-2.1.1-cp312-cp312-manylinux_2_17_aarch64.manylinux2014_aarch64.whl
  sha256: fcd8f556cdc8cfe35e70efb92463082b7f43dd7e547eb071ffc36abc0ca4699b
  requires_python: '>=3.10'
- kind: conda
  name: openssl
  version: 3.3.2
  build: h86ecc28_0
  subdir: linux-aarch64
  url: https://conda.anaconda.org/conda-forge/linux-aarch64/openssl-3.3.2-h86ecc28_0.conda
  sha256: 4669d26dbf81e4d72093d8260f55d19d57204d82b1d9440be83d11d313b5990c
  md5: 9e1e477b3f8ee3789297883faffa708b
  depends:
  - ca-certificates
  - libgcc >=13
  license: Apache-2.0
  license_family: Apache
  purls: []
  size: 3428083
  timestamp: 1725412266679
- kind: pypi
  name: platformdirs
  version: 4.2.2
  url: https://files.pythonhosted.org/packages/68/13/2aa1f0e1364feb2c9ef45302f387ac0bd81484e9c9a4c5688a322fbdfd08/platformdirs-4.2.2-py3-none-any.whl
  sha256: 2d7a1657e36a80ea911db832a8a6ece5ee53d8de21edd5cc5879af6530b1bfee
  requires_dist:
  - furo>=2023.9.10 ; extra == 'docs'
  - proselint>=0.13 ; extra == 'docs'
  - sphinx-autodoc-typehints>=1.25.2 ; extra == 'docs'
  - sphinx>=7.2.6 ; extra == 'docs'
  - appdirs==1.4.4 ; extra == 'test'
  - covdefaults>=2.3 ; extra == 'test'
  - pytest-cov>=4.1 ; extra == 'test'
  - pytest-mock>=3.12 ; extra == 'test'
  - pytest>=7.4.3 ; extra == 'test'
  - mypy>=1.8 ; extra == 'type'
  requires_python: '>=3.8'
- kind: conda
  name: pnpm
  version: 9.9.0
  build: hbf5023e_0
  subdir: linux-aarch64
  url: https://conda.anaconda.org/conda-forge/linux-aarch64/pnpm-9.9.0-hbf5023e_0.conda
  sha256: d93b8a3518243ed45ddd5e038bfe4dfc7edc4c414c2eca5e28bb1ee6591aa65c
  md5: 888dae963f9562e846f133411bc8dfc6
  depends:
  - libgcc-ng >=13
  - libstdcxx-ng >=13
  - nodejs >=22.6.0,<23.0a0
  license: MIT
  license_family: MIT
  purls: []
  size: 3249191
  timestamp: 1724698562034
- kind: conda
  name: python
  version: 3.12.5
  build: hb188aa9_0_cpython
  subdir: linux-aarch64
  url: https://conda.anaconda.org/conda-forge/linux-aarch64/python-3.12.5-hb188aa9_0_cpython.conda
  sha256: dbab5e16487bf7276e98ca4dbcbd412be7ab3c674f8ecc0c6f2199bc5f01d554
  md5: 29d0b64c0b5e812fe96a42dcb471a7da
  depends:
  - bzip2 >=1.0.8,<2.0a0
  - ld_impl_linux-aarch64 >=2.36.1
  - libexpat >=2.6.2,<3.0a0
  - libffi >=3.4,<4.0a0
  - libgcc-ng >=12
  - libnsl >=2.0.1,<2.1.0a0
  - libsqlite >=3.46.0,<4.0a0
  - libuuid >=2.38.1,<3.0a0
  - libxcrypt >=4.4.36
  - libzlib >=1.3.1,<2.0a0
  - ncurses >=6.5,<7.0a0
  - openssl >=3.3.1,<4.0a0
  - readline >=8.2,<9.0a0
  - tk >=8.6.13,<8.7.0a0
  - tzdata
  - xz >=5.2.6,<6.0a0
  constrains:
  - python_abi 3.12.* *_cp312
  license: Python-2.0
  purls: []
  size: 13724462
  timestamp: 1723141768383
- kind: conda
  name: readline
  version: '8.2'
  build: h8fc344f_1
  build_number: 1
  subdir: linux-aarch64
  url: https://conda.anaconda.org/conda-forge/linux-aarch64/readline-8.2-h8fc344f_1.conda
  sha256: 4c99f7417419734e3797d45bc355e61c26520e111893b0d7087a01a7fbfbe3dd
  md5: 105eb1e16bf83bfb2eb380a48032b655
  depends:
  - libgcc-ng >=12
  - ncurses >=6.3,<7.0a0
  license: GPL-3.0-only
  license_family: GPL
  purls: []
  size: 294092
  timestamp: 1679532238805
- kind: conda
  name: tk
  version: 8.6.13
  build: h194ca79_0
  subdir: linux-aarch64
  url: https://conda.anaconda.org/conda-forge/linux-aarch64/tk-8.6.13-h194ca79_0.conda
  sha256: 7fa27cc512d3a783f38bd16bbbffc008807372499d5b65d089a8e43bde9db267
  md5: f75105e0585851f818e0009dd1dde4dc
  depends:
  - libgcc-ng >=12
  - libzlib >=1.2.13,<2.0.0a0
  license: TCL
  license_family: BSD
  purls: []
  size: 3351802
  timestamp: 1695506242997
- kind: pypi
  name: typing-extensions
  version: 4.12.2
  url: https://files.pythonhosted.org/packages/26/9f/ad63fc0248c5379346306f8668cda6e2e2e9c95e01216d2b8ffd9ff037d0/typing_extensions-4.12.2-py3-none-any.whl
  sha256: 04e5ca0351e0f3f85c6853954072df659d0d13fac324d0072316b67d7794700d
  requires_python: '>=3.8'
- kind: conda
  name: tzdata
  version: 2024a
  build: h8827d51_1
  build_number: 1
  subdir: noarch
  noarch: generic
  url: https://conda.anaconda.org/conda-forge/noarch/tzdata-2024a-h8827d51_1.conda
  sha256: 7d21c95f61319dba9209ca17d1935e6128af4235a67ee4e57a00908a1450081e
  md5: 8bfdead4e0fff0383ae4c9c50d0531bd
  license: LicenseRef-Public-Domain
  purls: []
  size: 124164
  timestamp: 1724736371498
- kind: pypi
  name: wasmtime
  version: 24.0.0
  url: https://files.pythonhosted.org/packages/d0/f9/9d2961f0c3930d8216bd4fdd5d090b24277f569e3a8d0abd18190cfb2bb9/wasmtime-24.0.0-py3-none-manylinux2014_aarch64.whl
  sha256: 02a66bb5907f3d88e1d9b3c6c840992a34ced961e519fad40db35f38448b3b19
  requires_dist:
  - importlib-resources>=5.10
  - coverage ; extra == 'testing'
  - pytest ; extra == 'testing'
  - pycparser ; extra == 'testing'
  - pytest-mypy ; extra == 'testing'
  - componentize-py ; extra == 'testing'
  requires_python: '>=3.8'
- kind: conda
  name: xz
  version: 5.2.6
  build: h9cdd2b7_0
  subdir: linux-aarch64
  url: https://conda.anaconda.org/conda-forge/linux-aarch64/xz-5.2.6-h9cdd2b7_0.tar.bz2
  sha256: 93f58a7b393adf41fa007ac8c55978765e957e90cd31877ece1e5a343cb98220
  md5: 83baad393a31d59c20b63ba4da6592df
  depends:
  - libgcc-ng >=12
  license: LGPL-2.1 and GPL-2.0
  purls: []
  size: 440555
  timestamp: 1660348056328
- kind: conda
  name: zlib
  version: 1.3.1
  build: h68df207_1
  build_number: 1
  subdir: linux-aarch64
  url: https://conda.anaconda.org/conda-forge/linux-aarch64/zlib-1.3.1-h68df207_1.conda
  sha256: 7d4f12a602447c00f65f99fcf332f350cc49161a4f215466e9eb1bbe51852978
  md5: 6031f9e32654fbdb9fdba406ab980517
  depends:
  - libgcc-ng >=12
  - libzlib 1.3.1 h68df207_1
  license: Zlib
  license_family: Other
  purls: []
  size: 95770
  timestamp: 1716874148566
